
Microsoft Visual Studio Solution File, Format Version 12.00
# Visual Studio 14
VisualStudioVersion = 14.0.25420.1
MinimumVisualStudioVersion = 10.0.40219.1
Project("{FAE04EC0-301F-11D3-BF4B-00C04F79EFBC}") = "CsharpWebAppDemo", "CsharpWebAppDemo\CsharpWebAppDemo.csproj", "{1083355C-A843-4BB8-9B43-3B928B7D098A}"
EndProject
Project("{FAE04EC0-301F-11D3-BF4B-00C04F79EFBC}") = "WebServices_ASMX", "WebServices_ASMX\WebServices_ASMX.csproj", "{98CEF95F-3C9F-45FB-A084-E1BC4A25CB3D}"
EndProject
Project("{FAE04EC0-301F-11D3-BF4B-00C04F79EFBC}") = "ConsumeWebServicesASMX", "ConsumeWebServicesASMX\ConsumeWebServicesASMX.csproj", "{6DFDB920-AB16-4B7B-98E6-38F09F7C2CD9}"
EndProject
Global
	GlobalSection(SolutionConfigurationPlatforms) = preSolution
		Debug|Any CPU = Debug|Any CPU
		Release|Any CPU = Release|Any CPU
	EndGlobalSection
	GlobalSection(ProjectConfigurationPlatforms) = postSolution
		{1083355C-A843-4BB8-9B43-3B928B7D098A}.Debug|Any CPU.ActiveCfg = Debug|Any CPU
		{1083355C-A843-4BB8-9B43-3B928B7D098A}.Debug|Any CPU.Build.0 = Debug|Any CPU
		{1083355C-A843-4BB8-9B43-3B928B7D098A}.Release|Any CPU.ActiveCfg = Release|Any CPU
		{1083355C-A843-4BB8-9B43-3B928B7D098A}.Release|Any CPU.Build.0 = Release|Any CPU
		{98CEF95F-3C9F-45FB-A084-E1BC4A25CB3D}.Debug|Any CPU.ActiveCfg = Debug|Any CPU
		{98CEF95F-3C9F-45FB-A084-E1BC4A25CB3D}.Debug|Any CPU.Build.0 = Debug|Any CPU
		{98CEF95F-3C9F-45FB-A084-E1BC4A25CB3D}.Release|Any CPU.ActiveCfg = Release|Any CPU
		{98CEF95F-3C9F-45FB-A084-E1BC4A25CB3D}.Release|Any CPU.Build.0 = Release|Any CPU
		{6DFDB920-AB16-4B7B-98E6-38F09F7C2CD9}.Debug|Any CPU.ActiveCfg = Debug|Any CPU
		{6DFDB920-AB16-4B7B-98E6-38F09F7C2CD9}.Debug|Any CPU.Build.0 = Debug|Any CPU
		{6DFDB920-AB16-4B7B-98E6-38F09F7C2CD9}.Release|Any CPU.ActiveCfg = Release|Any CPU
		{6DFDB920-AB16-4B7B-98E6-38F09F7C2CD9}.Release|Any CPU.Build.0 = Release|Any CPU
	EndGlobalSection
	GlobalSection(SolutionProperties) = preSolution
		HideSolutionNode = FALSE
	EndGlobalSection
EndGlobal
