
Microsoft Visual Studio Solution File, Format Version 12.00
# Visual Studio 14
VisualStudioVersion = 14.0.25420.1
MinimumVisualStudioVersion = 10.0.40219.1
Project("{FAE04EC0-301F-11D3-BF4B-00C04F79EFBC}") = "CsharpWinFormDemo", "CsharpWinFormDemo\CsharpWinFormDemo.csproj", "{D26CEB5B-E279-41D1-8219-C0D390E88E8D}"
EndProject
Project("{FAE04EC0-301F-11D3-BF4B-00C04F79EFBC}") = "BasicCalculator", "BasicCalculator\BasicCalculator.csproj", "{5D16C490-45AB-427C-BF09-959D6B9ABA47}"
EndProject
Project("{FAE04EC0-301F-11D3-BF4B-00C04F79EFBC}") = "EnviromentSummary", "EnviromentSummary\EnviromentSummary.csproj", "{7A779FC8-A923-4016-8DB2-5F123B7C2B1D}"
EndProject
Global
	GlobalSection(SolutionConfigurationPlatforms) = preSolution
		Debug|Any CPU = Debug|Any CPU
		Release|Any CPU = Release|Any CPU
	EndGlobalSection
	GlobalSection(ProjectConfigurationPlatforms) = postSolution
		{D26CEB5B-E279-41D1-8219-C0D390E88E8D}.Debug|Any CPU.ActiveCfg = Debug|Any CPU
		{D26CEB5B-E279-41D1-8219-C0D390E88E8D}.Debug|Any CPU.Build.0 = Debug|Any CPU
		{D26CEB5B-E279-41D1-8219-C0D390E88E8D}.Release|Any CPU.ActiveCfg = Release|Any CPU
		{D26CEB5B-E279-41D1-8219-C0D390E88E8D}.Release|Any CPU.Build.0 = Release|Any CPU
		{5D16C490-45AB-427C-BF09-959D6B9ABA47}.Debug|Any CPU.ActiveCfg = Debug|Any CPU
		{5D16C490-45AB-427C-BF09-959D6B9ABA47}.Debug|Any CPU.Build.0 = Debug|Any CPU
		{5D16C490-45AB-427C-BF09-959D6B9ABA47}.Release|Any CPU.ActiveCfg = Release|Any CPU
		{5D16C490-45AB-427C-BF09-959D6B9ABA47}.Release|Any CPU.Build.0 = Release|Any CPU
		{7A779FC8-A923-4016-8DB2-5F123B7C2B1D}.Debug|Any CPU.ActiveCfg = Debug|Any CPU
		{7A779FC8-A923-4016-8DB2-5F123B7C2B1D}.Debug|Any CPU.Build.0 = Debug|Any CPU
		{7A779FC8-A923-4016-8DB2-5F123B7C2B1D}.Release|Any CPU.ActiveCfg = Release|Any CPU
		{7A779FC8-A923-4016-8DB2-5F123B7C2B1D}.Release|Any CPU.Build.0 = Release|Any CPU
	EndGlobalSection
	GlobalSection(SolutionProperties) = preSolution
		HideSolutionNode = FALSE
	EndGlobalSection
EndGlobal
